
Microsoft Visual Studio Solution File, Format Version 12.00
# Visual Studio Version 17
VisualStudioVersion = 17.0.32014.148
MinimumVisualStudioVersion = 10.0.40219.1
Project("{9A19103F-16F7-4668-BE54-9A1E7A4F7556}") = "market-price-reducer-service", "market-price-reducer-service\market-price-reducer-service.csproj", "{E9BD1A50-295F-4AFF-9A21-2853FC79464B}"
EndProject
Project("{9A19103F-16F7-4668-BE54-9A1E7A4F7556}") = "Infrastructure", "Infrastructure\Infrastructure.csproj", "{BE64CBA5-56E0-416D-97FC-5C3135E5F1B6}"
EndProject
Project("{9A19103F-16F7-4668-BE54-9A1E7A4F7556}") = "Application", "Application\Application.csproj", "{7D1A0416-1EA3-435B-A068-7718EDDDAA31}"
EndProject
Project("{9A19103F-16F7-4668-BE54-9A1E7A4F7556}") = "Domain", "Domain\Domain.csproj", "{F1EEAD9C-8840-4860-A127-9F79E27428F4}"
EndProject
Project("{9A19103F-16F7-4668-BE54-9A1E7A4F7556}") = "Events", "Events\Events.csproj", "{624F5694-8B62-41F7-A9AF-3FF702390A40}"
EndProject
Project("{2150E333-8FDC-42A3-9474-1A3956D46DE8}") = "tests", "tests", "{B30955EC-4079-4DC6-8C95-26FFC53B72E5}"
EndProject
Project("{9A19103F-16F7-4668-BE54-9A1E7A4F7556}") = "UnitTests", "UnitTests\UnitTests.csproj", "{86F02F24-785D-4F90-8A6D-77D3045522C3}"
EndProject
Global
	GlobalSection(SolutionConfigurationPlatforms) = preSolution
		Debug|Any CPU = Debug|Any CPU
		Release|Any CPU = Release|Any CPU
	EndGlobalSection
	GlobalSection(ProjectConfigurationPlatforms) = postSolution
		{E9BD1A50-295F-4AFF-9A21-2853FC79464B}.Debug|Any CPU.ActiveCfg = Debug|Any CPU
		{E9BD1A50-295F-4AFF-9A21-2853FC79464B}.Debug|Any CPU.Build.0 = Debug|Any CPU
		{E9BD1A50-295F-4AFF-9A21-2853FC79464B}.Release|Any CPU.ActiveCfg = Release|Any CPU
		{E9BD1A50-295F-4AFF-9A21-2853FC79464B}.Release|Any CPU.Build.0 = Release|Any CPU
		{BE64CBA5-56E0-416D-97FC-5C3135E5F1B6}.Debug|Any CPU.ActiveCfg = Debug|Any CPU
		{BE64CBA5-56E0-416D-97FC-5C3135E5F1B6}.Debug|Any CPU.Build.0 = Debug|Any CPU
		{BE64CBA5-56E0-416D-97FC-5C3135E5F1B6}.Release|Any CPU.ActiveCfg = Release|Any CPU
		{BE64CBA5-56E0-416D-97FC-5C3135E5F1B6}.Release|Any CPU.Build.0 = Release|Any CPU
		{7D1A0416-1EA3-435B-A068-7718EDDDAA31}.Debug|Any CPU.ActiveCfg = Debug|Any CPU
		{7D1A0416-1EA3-435B-A068-7718EDDDAA31}.Debug|Any CPU.Build.0 = Debug|Any CPU
		{7D1A0416-1EA3-435B-A068-7718EDDDAA31}.Release|Any CPU.ActiveCfg = Release|Any CPU
		{7D1A0416-1EA3-435B-A068-7718EDDDAA31}.Release|Any CPU.Build.0 = Release|Any CPU
		{F1EEAD9C-8840-4860-A127-9F79E27428F4}.Debug|Any CPU.ActiveCfg = Debug|Any CPU
		{F1EEAD9C-8840-4860-A127-9F79E27428F4}.Debug|Any CPU.Build.0 = Debug|Any CPU
		{F1EEAD9C-8840-4860-A127-9F79E27428F4}.Release|Any CPU.ActiveCfg = Release|Any CPU
		{F1EEAD9C-8840-4860-A127-9F79E27428F4}.Release|Any CPU.Build.0 = Release|Any CPU
		{624F5694-8B62-41F7-A9AF-3FF702390A40}.Debug|Any CPU.ActiveCfg = Debug|Any CPU
		{624F5694-8B62-41F7-A9AF-3FF702390A40}.Debug|Any CPU.Build.0 = Debug|Any CPU
		{624F5694-8B62-41F7-A9AF-3FF702390A40}.Release|Any CPU.ActiveCfg = Release|Any CPU
		{624F5694-8B62-41F7-A9AF-3FF702390A40}.Release|Any CPU.Build.0 = Release|Any CPU
		{86F02F24-785D-4F90-8A6D-77D3045522C3}.Debug|Any CPU.ActiveCfg = Debug|Any CPU
		{86F02F24-785D-4F90-8A6D-77D3045522C3}.Debug|Any CPU.Build.0 = Debug|Any CPU
		{86F02F24-785D-4F90-8A6D-77D3045522C3}.Release|Any CPU.ActiveCfg = Release|Any CPU
		{86F02F24-785D-4F90-8A6D-77D3045522C3}.Release|Any CPU.Build.0 = Release|Any CPU
	EndGlobalSection
	GlobalSection(SolutionProperties) = preSolution
		HideSolutionNode = FALSE
	EndGlobalSection
	GlobalSection(NestedProjects) = preSolution
		{86F02F24-785D-4F90-8A6D-77D3045522C3} = {B30955EC-4079-4DC6-8C95-26FFC53B72E5}
	EndGlobalSection
	GlobalSection(ExtensibilityGlobals) = postSolution
		SolutionGuid = {5DECA284-EE77-4F5A-A74C-378DA7087635}
	EndGlobalSection
EndGlobal
